// !$*UTF8*$!
{
	archiveVersion = 1;
	classes = {
	};
	objectVersion = 46;
	objects = {

/* Begin PBXBuildFile section */
		3CBC5CD01B979EC2009A560F /* main.m in Sources */ = {isa = PBXBuildFile; fileRef = 3CBC5CCF1B979EC2009A560F /* main.m */; };
		3CBC5CD31B979EC2009A560F /* AppDelegate.m in Sources */ = {isa = PBXBuildFile; fileRef = 3CBC5CD21B979EC2009A560F /* AppDelegate.m */; };
		3CBC5CDB1B979EC2009A560F /* Images.xcassets in Resources */ = {isa = PBXBuildFile; fileRef = 3CBC5CDA1B979EC2009A560F /* Images.xcassets */; };
		3CBC5CEA1B979EC2009A560F /* Photo_BombersTests.m in Sources */ = {isa = PBXBuildFile; fileRef = 3CBC5CE91B979EC2009A560F /* Photo_BombersTests.m */; };
		3CBC5CF81B97AEFF009A560F /* PhotosViewController.m in Sources */ = {isa = PBXBuildFile; fileRef = 3CBC5CF71B97AEFF009A560F /* PhotosViewController.m */; };
		3CBC5CFB1B97C550009A560F /* PhotoCell.m in Sources */ = {isa = PBXBuildFile; fileRef = 3CBC5CFA1B97C550009A560F /* PhotoCell.m */; };
/* End PBXBuildFile section */

/* Begin PBXContainerItemProxy section */
		3CBC5CE41B979EC2009A560F /* PBXContainerItemProxy */ = {
			isa = PBXContainerItemProxy;
			containerPortal = 3CBC5CC21B979EC2009A560F /* Project object */;
			proxyType = 1;
			remoteGlobalIDString = 3CBC5CC91B979EC2009A560F;
			remoteInfo = "Photo Bombers";
		};
/* End PBXContainerItemProxy section */

/* Begin PBXFileReference section */
		3CBC5CCA1B979EC2009A560F /* Photo Bombers.app */ = {isa = PBXFileReference; explicitFileType = wrapper.application; includeInIndex = 0; path = "Photo Bombers.app"; sourceTree = BUILT_PRODUCTS_DIR; };
		3CBC5CCE1B979EC2009A560F /* Info.plist */ = {isa = PBXFileReference; lastKnownFileType = text.plist.xml; path = Info.plist; sourceTree = "<group>"; };
		3CBC5CCF1B979EC2009A560F /* main.m */ = {isa = PBXFileReference; lastKnownFileType = sourcecode.c.objc; path = main.m; sourceTree = "<group>"; };
		3CBC5CD11B979EC2009A560F /* AppDelegate.h */ = {isa = PBXFileReference; lastKnownFileType = sourcecode.c.h; path = AppDelegate.h; sourceTree = "<group>"; };
		3CBC5CD21B979EC2009A560F /* AppDelegate.m */ = {isa = PBXFileReference; lastKnownFileType = sourcecode.c.objc; path = AppDelegate.m; sourceTree = "<group>"; };
		3CBC5CDA1B979EC2009A560F /* Images.xcassets */ = {isa = PBXFileReference; lastKnownFileType = folder.assetcatalog; path = Images.xcassets; sourceTree = "<group>"; };
		3CBC5CE31B979EC2009A560F /* Photo BombersTests.xctest */ = {isa = PBXFileReference; explicitFileType = wrapper.cfbundle; includeInIndex = 0; path = "Photo BombersTests.xctest"; sourceTree = BUILT_PRODUCTS_DIR; };
		3CBC5CE81B979EC2009A560F /* Info.plist */ = {isa = PBXFileReference; lastKnownFileType = text.plist.xml; path = Info.plist; sourceTree = "<group>"; };
		3CBC5CE91B979EC2009A560F /* Photo_BombersTests.m */ = {isa = PBXFileReference; lastKnownFileType = sourcecode.c.objc; path = Photo_BombersTests.m; sourceTree = "<group>"; };
		3CBC5CF61B97AEFF009A560F /* PhotosViewController.h */ = {isa = PBXFileReference; fileEncoding = 4; lastKnownFileType = sourcecode.c.h; path = PhotosViewController.h; sourceTree = "<group>"; };
		3CBC5CF71B97AEFF009A560F /* PhotosViewController.m */ = {isa = PBXFileReference; fileEncoding = 4; lastKnownFileType = sourcecode.c.objc; path = PhotosViewController.m; sourceTree = "<group>"; };
		3CBC5CF91B97C550009A560F /* PhotoCell.h */ = {isa = PBXFileReference; fileEncoding = 4; lastKnownFileType = sourcecode.c.h; path = PhotoCell.h; sourceTree = "<group>"; };
		3CBC5CFA1B97C550009A560F /* PhotoCell.m */ = {isa = PBXFileReference; fileEncoding = 4; lastKnownFileType = sourcecode.c.objc; path = PhotoCell.m; sourceTree = "<group>"; };
/* End PBXFileReference section */

/* Begin PBXFrameworksBuildPhase section */
		3CBC5CC71B979EC2009A560F /* Frameworks */ = {
			isa = PBXFrameworksBuildPhase;
			buildActionMask = 2147483647;
			files = (
			);
			runOnlyForDeploymentPostprocessing = 0;
		};
		3CBC5CE01B979EC2009A560F /* Frameworks */ = {
			isa = PBXFrameworksBuildPhase;
			buildActionMask = 2147483647;
			files = (
			);
			runOnlyForDeploymentPostprocessing = 0;
		};
/* End PBXFrameworksBuildPhase section */

/* Begin PBXGroup section */
		3CBC5CC11B979EC2009A560F = {
			isa = PBXGroup;
			children = (
				3CBC5CCC1B979EC2009A560F /* Photo Bombers */,
				3CBC5CE61B979EC2009A560F /* Photo BombersTests */,
				3CBC5CCB1B979EC2009A560F /* Products */,
			);
			sourceTree = "<group>";
		};
		3CBC5CCB1B979EC2009A560F /* Products */ = {
			isa = PBXGroup;
			children = (
				3CBC5CCA1B979EC2009A560F /* Photo Bombers.app */,
				3CBC5CE31B979EC2009A560F /* Photo BombersTests.xctest */,
			);
			name = Products;
			sourceTree = "<group>";
		};
		3CBC5CCC1B979EC2009A560F /* Photo Bombers */ = {
			isa = PBXGroup;
			children = (
				3CBC5CD11B979EC2009A560F /* AppDelegate.h */,
				3CBC5CD21B979EC2009A560F /* AppDelegate.m */,
				3CBC5CF61B97AEFF009A560F /* PhotosViewController.h */,
				3CBC5CF71B97AEFF009A560F /* PhotosViewController.m */,
				3CBC5CF91B97C550009A560F /* PhotoCell.h */,
				3CBC5CFA1B97C550009A560F /* PhotoCell.m */,
				3CBC5CDA1B979EC2009A560F /* Images.xcassets */,
				3CBC5CCD1B979EC2009A560F /* Supporting Files */,
			);
			path = "Photo Bombers";
			sourceTree = "<group>";
		};
		3CBC5CCD1B979EC2009A560F /* Supporting Files */ = {
			isa = PBXGroup;
			children = (
				3CBC5CCE1B979EC2009A560F /* Info.plist */,
				3CBC5CCF1B979EC2009A560F /* main.m */,
			);
			name = "Supporting Files";
			sourceTree = "<group>";
		};
		3CBC5CE61B979EC2009A560F /* Photo BombersTests */ = {
			isa = PBXGroup;
			children = (
				3CBC5CE91B979EC2009A560F /* Photo_BombersTests.m */,
				3CBC5CE71B979EC2009A560F /* Supporting Files */,
			);
			path = "Photo BombersTests";
			sourceTree = "<group>";
		};
		3CBC5CE71B979EC2009A560F /* Supporting Files */ = {
			isa = PBXGroup;
			children = (
				3CBC5CE81B979EC2009A560F /* Info.plist */,
			);
			name = "Supporting Files";
			sourceTree = "<group>";
		};
/* End PBXGroup section */

/* Begin PBXNativeTarget section */
		3CBC5CC91B979EC2009A560F /* Photo Bombers */ = {
			isa = PBXNativeTarget;
			buildConfigurationList = 3CBC5CED1B979EC2009A560F /* Build configuration list for PBXNativeTarget "Photo Bombers" */;
			buildPhases = (
				3CBC5CC61B979EC2009A560F /* Sources */,
				3CBC5CC71B979EC2009A560F /* Frameworks */,
				3CBC5CC81B979EC2009A560F /* Resources */,
			);
			buildRules = (
			);
			dependencies = (
			);
			name = "Photo Bombers";
			productName = "Photo Bombers";
			productReference = 3CBC5CCA1B979EC2009A560F /* Photo Bombers.app */;
			productType = "com.apple.product-type.application";
		};
		3CBC5CE21B979EC2009A560F /* Photo BombersTests */ = {
			isa = PBXNativeTarget;
			buildConfigurationList = 3CBC5CF01B979EC2009A560F /* Build configuration list for PBXNativeTarget "Photo BombersTests" */;
			buildPhases = (
				3CBC5CDF1B979EC2009A560F /* Sources */,
				3CBC5CE01B979EC2009A560F /* Frameworks */,
				3CBC5CE11B979EC2009A560F /* Resources */,
			);
			buildRules = (
			);
			dependencies = (
				3CBC5CE51B979EC2009A560F /* PBXTargetDependency */,
			);
			name = "Photo BombersTests";
			productName = "Photo BombersTests";
			productReference = 3CBC5CE31B979EC2009A560F /* Photo BombersTests.xctest */;
			productType = "com.apple.product-type.bundle.unit-test";
		};
/* End PBXNativeTarget section */

/* Begin PBXProject section */
		3CBC5CC21B979EC2009A560F /* Project object */ = {
			isa = PBXProject;
			attributes = {
				LastUpgradeCheck = 0640;
				ORGANIZATIONNAME = "Dean Laurea";
				TargetAttributes = {
					3CBC5CC91B979EC2009A560F = {
						CreatedOnToolsVersion = 6.4;
					};
					3CBC5CE21B979EC2009A560F = {
						CreatedOnToolsVersion = 6.4;
						TestTargetID = 3CBC5CC91B979EC2009A560F;
					};
				};
			};
			buildConfigurationList = 3CBC5CC51B979EC2009A560F /* Build configuration list for PBXProject "Photo Bombers" */;
			compatibilityVersion = "Xcode 3.2";
			developmentRegion = English;
			hasScannedForEncodings = 0;
			knownRegions = (
				en,
				Base,
			);
			mainGroup = 3CBC5CC11B979EC2009A560F;
			productRefGroup = 3CBC5CCB1B979EC2009A560F /* Products */;
			projectDirPath = "";
			projectRoot = "";
			targets = (
				3CBC5CC91B979EC2009A560F /* Photo Bombers */,
				3CBC5CE21B979EC2009A560F /* Photo BombersTests */,
			);
		};
/* End PBXProject section */

/* Begin PBXResourcesBuildPhase section */
		3CBC5CC81B979EC2009A560F /* Resources */ = {
			isa = PBXResourcesBuildPhase;
			buildActionMask = 2147483647;
			files = (
				3CBC5CDB1B979EC2009A560F /* Images.xcassets in Resources */,
			);
			runOnlyForDeploymentPostprocessing = 0;
		};
		3CBC5CE11B979EC2009A560F /* Resources */ = {
			isa = PBXResourcesBuildPhase;
			buildActionMask = 2147483647;
			files = (
			);
			runOnlyForDeploymentPostprocessing = 0;
		};
/* End PBXResourcesBuildPhase section */

/* Begin PBXSourcesBuildPhase section */
		3CBC5CC61B979EC2009A560F /* Sources */ = {
			isa = PBXSourcesBuildPhase;
			buildActionMask = 2147483647;
			files = (
				3CBC5CFB1B97C550009A560F /* PhotoCell.m in Sources */,
				3CBC5CF81B97AEFF009A560F /* PhotosViewController.m in Sources */,
				3CBC5CD31B979EC2009A560F /* AppDelegate.m in Sources */,
				3CBC5CD01B979EC2009A560F /* main.m in Sources */,
			);
			runOnlyForDeploymentPostprocessing = 0;
		};
		3CBC5CDF1B979EC2009A560F /* Sources */ = {
			isa = PBXSourcesBuildPhase;
			buildActionMask = 2147483647;
			files = (
				3CBC5CEA1B979EC2009A560F /* Photo_BombersTests.m in Sources */,
			);
			runOnlyForDeploymentPostprocessing = 0;
		};
/* End PBXSourcesBuildPhase section */

/* Begin PBXTargetDependency section */
		3CBC5CE51B979EC2009A560F /* PBXTargetDependency */ = {
			isa = PBXTargetDependency;
			target = 3CBC5CC91B979EC2009A560F /* Photo Bombers */;
			targetProxy = 3CBC5CE41B979EC2009A560F /* PBXContainerItemProxy */;
		};
/* End PBXTargetDependency section */

/* Begin XCBuildConfiguration section */
		3CBC5CEB1B979EC2009A560F /* Debug */ = {
			isa = XCBuildConfiguration;
			buildSettings = {
				ALWAYS_SEARCH_USER_PATHS = NO;
				CLANG_CXX_LANGUAGE_STANDARD = "gnu++0x";
				CLANG_CXX_LIBRARY = "libc++";
				CLANG_ENABLE_MODULES = YES;
				CLANG_ENABLE_OBJC_ARC = YES;
				CLANG_WARN_BOOL_CONVERSION = YES;
				CLANG_WARN_CONSTANT_CONVERSION = YES;
				CLANG_WARN_DIRECT_OBJC_ISA_USAGE = YES_ERROR;
				CLANG_WARN_EMPTY_BODY = YES;
				CLANG_WARN_ENUM_CONVERSION = YES;
				CLANG_WARN_INT_CONVERSION = YES;
				CLANG_WARN_OBJC_ROOT_CLASS = YES_ERROR;
				CLANG_WARN_UNREACHABLE_CODE = YES;
				CLANG_WARN__DUPLICATE_METHOD_MATCH = YES;
				"CODE_SIGN_IDENTITY[sdk=iphoneos*]" = "iPhone Developer";
				COPY_PHASE_STRIP = NO;
				DEBUG_INFORMATION_FORMAT = "dwarf-with-dsym";
				ENABLE_STRICT_OBJC_MSGSEND = YES;
				GCC_C_LANGUAGE_STANDARD = gnu99;
				GCC_DYNAMIC_NO_PIC = NO;
				GCC_NO_COMMON_BLOCKS = YES;
				GCC_OPTIMIZATION_LEVEL = 0;
				GCC_PREPROCESSOR_DEFINITIONS = (
					"DEBUG=1",
					"$(inherited)",
				);
				GCC_SYMBOLS_PRIVATE_EXTERN = NO;
				GCC_WARN_64_TO_32_BIT_CONVERSION = YES;
				GCC_WARN_ABOUT_RETURN_TYPE = YES_ERROR;
				GCC_WARN_UNDECLARED_SELECTOR = YES;
				GCC_WARN_UNINITIALIZED_AUTOS = YES_AGGRESSIVE;
				GCC_WARN_UNUSED_FUNCTION = YES;
				GCC_WARN_UNUSED_VARIABLE = YES;
				IPHONEOS_DEPLOYMENT_TARGET = 8.4;
				MTL_ENABLE_DEBUG_INFO = YES;
				ONLY_ACTIVE_ARCH = YES;
				SDKROOT = iphoneos;
			};
			name = Debug;
		};
		3CBC5CEC1B979EC2009A560F /* Release */ = {
			isa = XCBuildConfiguration;
			buildSettings = {
				ALWAYS_SEARCH_USER_PATHS = NO;
				CLANG_CXX_LANGUAGE_STANDARD = "gnu++0x";
				CLANG_CXX_LIBRARY = "libc++";
				CLANG_ENABLE_MODULES = YES;
				CLANG_ENABLE_OBJC_ARC = YES;
				CLANG_WARN_BOOL_CONVERSION = YES;
				CLANG_WARN_CONSTANT_CONVERSION = YES;
				CLANG_WARN_DIRECT_OBJC_ISA_USAGE = YES_ERROR;
				CLANG_WARN_EMPTY_BODY = YES;
				CLANG_WARN_ENUM_CONVERSION = YES;
				CLANG_WARN_INT_CONVERSION = YES;
				CLANG_WARN_OBJC_ROOT_CLASS = YES_ERROR;
				CLANG_WARN_UNREACHABLE_CODE = YES;
				CLANG_WARN__DUPLICATE_METHOD_MATCH = YES;
				"CODE_SIGN_IDENTITY[sdk=iphoneos*]" = "iPhone Developer";
				COPY_PHASE_STRIP = NO;
				DEBUG_INFORMATION_FORMAT = "dwarf-with-dsym";
				ENABLE_NS_ASSERTIONS = NO;
				ENABLE_STRICT_OBJC_MSGSEND = YES;
				GCC_C_LANGUAGE_STANDARD = gnu99;
				GCC_NO_COMMON_BLOCKS = YES;
				GCC_WARN_64_TO_32_BIT_CONVERSION = YES;
				GCC_WARN_ABOUT_RETURN_TYPE = YES_ERROR;
				GCC_WARN_UNDECLARED_SELECTOR = YES;
				GCC_WARN_UNINITIALIZED_AUTOS = YES_AGGRESSIVE;
				GCC_WARN_UNUSED_FUNCTION = YES;
				GCC_WARN_UNUSED_VARIABLE = YES;
				IPHONEOS_DEPLOYMENT_TARGET = 8.4;
				MTL_ENABLE_DEBUG_INFO = NO;
				SDKROOT = iphoneos;
				VALIDATE_PRODUCT = YES;
			};
			name = Release;
		};
		3CBC5CEE1B979EC2009A560F /* Debug */ = {
			isa = XCBuildConfiguration;
			buildSettings = {
				ASSETCATALOG_COMPILER_APPICON_NAME = AppIcon;
				INFOPLIST_FILE = "Photo Bombers/Info.plist";
				LD_RUNPATH_SEARCH_PATHS = "$(inherited) @executable_path/Frameworks";
				PRODUCT_NAME = "$(TARGET_NAME)";
			};
			name = Debug;
		};
		3CBC5CEF1B979EC2009A560F /* Release */ = {
			isa = XCBuildConfiguration;
			buildSettings = {
				ASSETCATALOG_COMPILER_APPICON_NAME = AppIcon;
				INFOPLIST_FILE = "Photo Bombers/Info.plist";
				LD_RUNPATH_SEARCH_PATHS = "$(inherited) @executable_path/Frameworks";
				PRODUCT_NAME = "$(TARGET_NAME)";
			};
			name = Release;
		};
		3CBC5CF11B979EC2009A560F /* Debug */ = {
			isa = XCBuildConfiguration;
			buildSettings = {
				BUNDLE_LOADER = "$(TEST_HOST)";
				FRAMEWORK_SEARCH_PATHS = (
					"$(SDKROOT)/Developer/Library/Frameworks",
					"$(inherited)",
				);
				GCC_PREPROCESSOR_DEFINITIONS = (
					"DEBUG=1",
					"$(inherited)",
				);
				INFOPLIST_FILE = "Photo BombersTests/Info.plist";
				LD_RUNPATH_SEARCH_PATHS = "$(inherited) @executable_path/Frameworks @loader_path/Frameworks";
				PRODUCT_NAME = "$(TARGET_NAME)";
				TEST_HOST = "$(BUILT_PRODUCTS_DIR)/Photo Bombers.app/Photo Bombers";
			};
			name = Debug;
		};
		3CBC5CF21B979EC2009A560F /* Release */ = {
			isa = XCBuildConfiguration;
			buildSettings = {
				BUNDLE_LOADER = "$(TEST_HOST)";
				FRAMEWORK_SEARCH_PATHS = (
					"$(SDKROOT)/Developer/Library/Frameworks",
					"$(inherited)",
				);
				INFOPLIST_FILE = "Photo BombersTests/Info.plist";
				LD_RUNPATH_SEARCH_PATHS = "$(inherited) @executable_path/Frameworks @loader_path/Frameworks";
				PRODUCT_NAME = "$(TARGET_NAME)";
				TEST_HOST = "$(BUILT_PRODUCTS_DIR)/Photo Bombers.app/Photo Bombers";
			};
			name = Release;
		};
/* End XCBuildConfiguration section */

/* Begin XCConfigurationList section */
		3CBC5CC51B979EC2009A560F /* Build configuration list for PBXProject "Photo Bombers" */ = {
			isa = XCConfigurationList;
			buildConfigurations = (
				3CBC5CEB1B979EC2009A560F /* Debug */,
				3CBC5CEC1B979EC2009A560F /* Release */,
			);
			defaultConfigurationIsVisible = 0;
			defaultConfigurationName = Release;
		};
		3CBC5CED1B979EC2009A560F /* Build configuration list for PBXNativeTarget "Photo Bombers" */ = {
			isa = XCConfigurationList;
			buildConfigurations = (
				3CBC5CEE1B979EC2009A560F /* Debug */,
				3CBC5CEF1B979EC2009A560F /* Release */,
			);
			defaultConfigurationIsVisible = 0;
			defaultConfigurationName = Release;
		};
		3CBC5CF01B979EC2009A560F /* Build configuration list for PBXNativeTarget "Photo BombersTests" */ = {
			isa = XCConfigurationList;
			buildConfigurations = (
				3CBC5CF11B979EC2009A560F /* Debug */,
				3CBC5CF21B979EC2009A560F /* Release */,
			);
			defaultConfigurationIsVisible = 0;
			defaultConfigurationName = Release;
		};
/* End XCConfigurationList section */
	};
	rootObject = 3CBC5CC21B979EC2009A560F /* Project object */;
}
